
Microsoft Visual Studio Solution File, Format Version 12.00
# Visual Studio 15
VisualStudioVersion = 15.0.28307.1340
MinimumVisualStudioVersion = 10.0.40219.1
Project("{FAE04EC0-301F-11D3-BF4B-00C04F79EFBC}") = "WpfAppExample", "WpfAppExample\WpfAppExample.csproj", "{4674738A-3524-4C80-A3FB-97E3D7673703}"
EndProject
Global
	GlobalSection(SolutionConfigurationPlatforms) = preSolution
		Debug|Any CPU = Debug|Any CPU
		Release|Any CPU = Release|Any CPU
	EndGlobalSection
	GlobalSection(ProjectConfigurationPlatforms) = postSolution
		{4674738A-3524-4C80-A3FB-97E3D7673703}.Debug|Any CPU.ActiveCfg = Debug|Any CPU
		{4674738A-3524-4C80-A3FB-97E3D7673703}.Debug|Any CPU.Build.0 = Debug|Any CPU
		{4674738A-3524-4C80-A3FB-97E3D7673703}.Release|Any CPU.ActiveCfg = Release|Any CPU
		{4674738A-3524-4C80-A3FB-97E3D7673703}.Release|Any CPU.Build.0 = Release|Any CPU
	EndGlobalSection
	GlobalSection(SolutionProperties) = preSolution
		HideSolutionNode = FALSE
	EndGlobalSection
	GlobalSection(ExtensibilityGlobals) = postSolution
		SolutionGuid = {B55FCA4A-AB41-4D1D-89B1-9FEDE7A5E6F0}
	EndGlobalSection
EndGlobal
